// !$*UTF8*$!
{
	archiveVersion = 1;
	classes = {
	};
	objectVersion = 56;
	objects = {

/* Begin PBXBuildFile section */
		9217E1C62B28FEFF00B0A20E /* Fowles_Ch6.pdf in Resources */ = {isa = PBXBuildFile; fileRef = 9217E1C52B28FEFF00B0A20E /* Fowles_Ch6.pdf */; };
		92785D452B227DF40070923A /* AppDelegate.swift in Sources */ = {isa = PBXBuildFile; fileRef = 92785D442B227DF40070923A /* AppDelegate.swift */; };
		92785D472B227DF40070923A /* GameScene.sks in Resources */ = {isa = PBXBuildFile; fileRef = 92785D462B227DF40070923A /* GameScene.sks */; };
		92785D492B227DF40070923A /* Actions.sks in Resources */ = {isa = PBXBuildFile; fileRef = 92785D482B227DF40070923A /* Actions.sks */; };
		92785D4B2B227DF40070923A /* GameScene.swift in Sources */ = {isa = PBXBuildFile; fileRef = 92785D4A2B227DF40070923A /* GameScene.swift */; };
		92785D4D2B227DF40070923A /* ViewController.swift in Sources */ = {isa = PBXBuildFile; fileRef = 92785D4C2B227DF40070923A /* ViewController.swift */; };
		92785D4F2B227DF70070923A /* Assets.xcassets in Resources */ = {isa = PBXBuildFile; fileRef = 92785D4E2B227DF70070923A /* Assets.xcassets */; };
		92785D522B227DF70070923A /* Main.storyboard in Resources */ = {isa = PBXBuildFile; fileRef = 92785D502B227DF70070923A /* Main.storyboard */; };
/* End PBXBuildFile section */

/* Begin PBXFileReference section */
		9217E1C52B28FEFF00B0A20E /* Fowles_Ch6.pdf */ = {isa = PBXFileReference; lastKnownFileType = image.pdf; path = Fowles_Ch6.pdf; sourceTree = "<group>"; };
		92785D412B227DF40070923A /* Earth-and-Sun.app */ = {isa = PBXFileReference; explicitFileType = wrapper.application; includeInIndex = 0; path = "Earth-and-Sun.app"; sourceTree = BUILT_PRODUCTS_DIR; };
		92785D442B227DF40070923A /* AppDelegate.swift */ = {isa = PBXFileReference; lastKnownFileType = sourcecode.swift; path = AppDelegate.swift; sourceTree = "<group>"; };
		92785D462B227DF40070923A /* GameScene.sks */ = {isa = PBXFileReference; lastKnownFileType = file.sks; path = GameScene.sks; sourceTree = "<group>"; };
		92785D482B227DF40070923A /* Actions.sks */ = {isa = PBXFileReference; lastKnownFileType = file.sks; path = Actions.sks; sourceTree = "<group>"; };
		92785D4A2B227DF40070923A /* GameScene.swift */ = {isa = PBXFileReference; lastKnownFileType = sourcecode.swift; path = GameScene.swift; sourceTree = "<group>"; };
		92785D4C2B227DF40070923A /* ViewController.swift */ = {isa = PBXFileReference; lastKnownFileType = sourcecode.swift; path = ViewController.swift; sourceTree = "<group>"; };
		92785D4E2B227DF70070923A /* Assets.xcassets */ = {isa = PBXFileReference; lastKnownFileType = folder.assetcatalog; path = Assets.xcassets; sourceTree = "<group>"; };
		92785D512B227DF70070923A /* Base */ = {isa = PBXFileReference; lastKnownFileType = file.storyboard; name = Base; path = Base.lproj/Main.storyboard; sourceTree = "<group>"; };
		92785D532B227DF70070923A /* Earth_and_Sun.entitlements */ = {isa = PBXFileReference; lastKnownFileType = text.plist.entitlements; path = Earth_and_Sun.entitlements; sourceTree = "<group>"; };
/* End PBXFileReference section */

/* Begin PBXFrameworksBuildPhase section */
		92785D3E2B227DF40070923A /* Frameworks */ = {
			isa = PBXFrameworksBuildPhase;
			buildActionMask = 2147483647;
			files = (
			);
			runOnlyForDeploymentPostprocessing = 0;
		};
/* End PBXFrameworksBuildPhase section */

/* Begin PBXGroup section */
		92785D382B227DF40070923A = {
			isa = PBXGroup;
			children = (
				92785D432B227DF40070923A /* Earth-and-Sun */,
				92785D422B227DF40070923A /* Products */,
			);
			sourceTree = "<group>";
		};
		92785D422B227DF40070923A /* Products */ = {
			isa = PBXGroup;
			children = (
				92785D412B227DF40070923A /* Earth-and-Sun.app */,
			);
			name = Products;
			sourceTree = "<group>";
		};
		92785D432B227DF40070923A /* Earth-and-Sun */ = {
			isa = PBXGroup;
			children = (
				92785D442B227DF40070923A /* AppDelegate.swift */,
				92785D462B227DF40070923A /* GameScene.sks */,
				92785D482B227DF40070923A /* Actions.sks */,
				92785D4A2B227DF40070923A /* GameScene.swift */,
				92785D4C2B227DF40070923A /* ViewController.swift */,
				92785D4E2B227DF70070923A /* Assets.xcassets */,
				92785D502B227DF70070923A /* Main.storyboard */,
				92785D532B227DF70070923A /* Earth_and_Sun.entitlements */,
				9217E1C52B28FEFF00B0A20E /* Fowles_Ch6.pdf */,
			);
			path = "Earth-and-Sun";
			sourceTree = "<group>";
		};
/* End PBXGroup section */

/* Begin PBXNativeTarget section */
		92785D402B227DF40070923A /* Earth-and-Sun */ = {
			isa = PBXNativeTarget;
			buildConfigurationList = 92785D562B227DF70070923A /* Build configuration list for PBXNativeTarget "Earth-and-Sun" */;
			buildPhases = (
				92785D3D2B227DF40070923A /* Sources */,
				92785D3E2B227DF40070923A /* Frameworks */,
				92785D3F2B227DF40070923A /* Resources */,
			);
			buildRules = (
			);
			dependencies = (
			);
			name = "Earth-and-Sun";
			productName = "Earth-and-Sun";
			productReference = 92785D412B227DF40070923A /* Earth-and-Sun.app */;
			productType = "com.apple.product-type.application";
		};
/* End PBXNativeTarget section */

/* Begin PBXProject section */
		92785D392B227DF40070923A /* Project object */ = {
			isa = PBXProject;
			attributes = {
				BuildIndependentTargetsInParallel = 1;
				LastSwiftUpdateCheck = 1500;
				LastUpgradeCheck = 1500;
				TargetAttributes = {
					92785D402B227DF40070923A = {
						CreatedOnToolsVersion = 15.0.1;
					};
				};
			};
			buildConfigurationList = 92785D3C2B227DF40070923A /* Build configuration list for PBXProject "Earth-and-Sun" */;
			compatibilityVersion = "Xcode 14.0";
			developmentRegion = en;
			hasScannedForEncodings = 0;
			knownRegions = (
				en,
				Base,
			);
			mainGroup = 92785D382B227DF40070923A;
			productRefGroup = 92785D422B227DF40070923A /* Products */;
			projectDirPath = "";
			projectRoot = "";
			targets = (
				92785D402B227DF40070923A /* Earth-and-Sun */,
			);
		};
/* End PBXProject section */

/* Begin PBXResourcesBuildPhase section */
		92785D3F2B227DF40070923A /* Resources */ = {
			isa = PBXResourcesBuildPhase;
			buildActionMask = 2147483647;
			files = (
				9217E1C62B28FEFF00B0A20E /* Fowles_Ch6.pdf in Resources */,
				92785D472B227DF40070923A /* GameScene.sks in Resources */,
				92785D4F2B227DF70070923A /* Assets.xcassets in Resources */,
				92785D492B227DF40070923A /* Actions.sks in Resources */,
				92785D522B227DF70070923A /* Main.storyboard in Resources */,
			);
			runOnlyForDeploymentPostprocessing = 0;
		};
/* End PBXResourcesBuildPhase section */

/* Begin PBXSourcesBuildPhase section */
		92785D3D2B227DF40070923A /* Sources */ = {
			isa = PBXSourcesBuildPhase;
			buildActionMask = 2147483647;
			files = (
				92785D4D2B227DF40070923A /* ViewController.swift in Sources */,
				92785D4B2B227DF40070923A /* GameScene.swift in Sources */,
				92785D452B227DF40070923A /* AppDelegate.swift in Sources */,
			);
			runOnlyForDeploymentPostprocessing = 0;
		};
/* End PBXSourcesBuildPhase section */

/* Begin PBXVariantGroup section */
		92785D502B227DF70070923A /* Main.storyboard */ = {
			isa = PBXVariantGroup;
			children = (
				92785D512B227DF70070923A /* Base */,
			);
			name = Main.storyboard;
			sourceTree = "<group>";
		};
/* End PBXVariantGroup section */

/* Begin XCBuildConfiguration section */
		92785D542B227DF70070923A /* Debug */ = {
			isa = XCBuildConfiguration;
			buildSettings = {
				ALWAYS_SEARCH_USER_PATHS = NO;
				ASSETCATALOG_COMPILER_GENERATE_SWIFT_ASSET_SYMBOL_EXTENSIONS = YES;
				CLANG_ANALYZER_NONNULL = YES;
				CLANG_ANALYZER_NUMBER_OBJECT_CONVERSION = YES_AGGRESSIVE;
				CLANG_CXX_LANGUAGE_STANDARD = "gnu++20";
				CLANG_ENABLE_MODULES = YES;
				CLANG_ENABLE_OBJC_ARC = YES;
				CLANG_ENABLE_OBJC_WEAK = YES;
				CLANG_WARN_BLOCK_CAPTURE_AUTORELEASING = YES;
				CLANG_WARN_BOOL_CONVERSION = YES;
				CLANG_WARN_COMMA = YES;
				CLANG_WARN_CONSTANT_CONVERSION = YES;
				CLANG_WARN_DEPRECATED_OBJC_IMPLEMENTATIONS = YES;
				CLANG_WARN_DIRECT_OBJC_ISA_USAGE = YES_ERROR;
				CLANG_WARN_DOCUMENTATION_COMMENTS = YES;
				CLANG_WARN_EMPTY_BODY = YES;
				CLANG_WARN_ENUM_CONVERSION = YES;
				CLANG_WARN_INFINITE_RECURSION = YES;
				CLANG_WARN_INT_CONVERSION = YES;
				CLANG_WARN_NON_LITERAL_NULL_CONVERSION = YES;
				CLANG_WARN_OBJC_IMPLICIT_RETAIN_SELF = YES;
				CLANG_WARN_OBJC_LITERAL_CONVERSION = YES;
				CLANG_WARN_OBJC_ROOT_CLASS = YES_ERROR;
				CLANG_WARN_QUOTED_INCLUDE_IN_FRAMEWORK_HEADER = YES;
				CLANG_WARN_RANGE_LOOP_ANALYSIS = YES;
				CLANG_WARN_STRICT_PROTOTYPES = YES;
				CLANG_WARN_SUSPICIOUS_MOVE = YES;
				CLANG_WARN_UNGUARDED_AVAILABILITY = YES_AGGRESSIVE;
				CLANG_WARN_UNREACHABLE_CODE = YES;
				CLANG_WARN__DUPLICATE_METHOD_MATCH = YES;
				COPY_PHASE_STRIP = NO;
				DEBUG_INFORMATION_FORMAT = dwarf;
				ENABLE_STRICT_OBJC_MSGSEND = YES;
				ENABLE_TESTABILITY = YES;
				ENABLE_USER_SCRIPT_SANDBOXING = YES;
				GCC_C_LANGUAGE_STANDARD = gnu17;
				GCC_DYNAMIC_NO_PIC = NO;
				GCC_NO_COMMON_BLOCKS = YES;
				GCC_OPTIMIZATION_LEVEL = 0;
				GCC_PREPROCESSOR_DEFINITIONS = (
					"DEBUG=1",
					"$(inherited)",
				);
				GCC_WARN_64_TO_32_BIT_CONVERSION = YES;
				GCC_WARN_ABOUT_RETURN_TYPE = YES_ERROR;
				GCC_WARN_UNDECLARED_SELECTOR = YES;
				GCC_WARN_UNINITIALIZED_AUTOS = YES_AGGRESSIVE;
				GCC_WARN_UNUSED_FUNCTION = YES;
				GCC_WARN_UNUSED_VARIABLE = YES;
				LOCALIZATION_PREFERS_STRING_CATALOGS = YES;
				MACOSX_DEPLOYMENT_TARGET = 14.0;
				MTL_ENABLE_DEBUG_INFO = INCLUDE_SOURCE;
				MTL_FAST_MATH = YES;
				ONLY_ACTIVE_ARCH = YES;
				SDKROOT = macosx;
				SWIFT_ACTIVE_COMPILATION_CONDITIONS = "DEBUG $(inherited)";
				SWIFT_OPTIMIZATION_LEVEL = "-Onone";
			};
			name = Debug;
		};
		92785D552B227DF70070923A /* Release */ = {
			isa = XCBuildConfiguration;
			buildSettings = {
				ALWAYS_SEARCH_USER_PATHS = NO;
				ASSETCATALOG_COMPILER_GENERATE_SWIFT_ASSET_SYMBOL_EXTENSIONS = YES;
				CLANG_ANALYZER_NONNULL = YES;
				CLANG_ANALYZER_NUMBER_OBJECT_CONVERSION = YES_AGGRESSIVE;
				CLANG_CXX_LANGUAGE_STANDARD = "gnu++20";
				CLANG_ENABLE_MODULES = YES;
				CLANG_ENABLE_OBJC_ARC = YES;
				CLANG_ENABLE_OBJC_WEAK = YES;
				CLANG_WARN_BLOCK_CAPTURE_AUTORELEASING = YES;
				CLANG_WARN_BOOL_CONVERSION = YES;
				CLANG_WARN_COMMA = YES;
				CLANG_WARN_CONSTANT_CONVERSION = YES;
				CLANG_WARN_DEPRECATED_OBJC_IMPLEMENTATIONS = YES;
				CLANG_WARN_DIRECT_OBJC_ISA_USAGE = YES_ERROR;
				CLANG_WARN_DOCUMENTATION_COMMENTS = YES;
				CLANG_WARN_EMPTY_BODY = YES;
				CLANG_WARN_ENUM_CONVERSION = YES;
				CLANG_WARN_INFINITE_RECURSION = YES;
				CLANG_WARN_INT_CONVERSION = YES;
				CLANG_WARN_NON_LITERAL_NULL_CONVERSION = YES;
				CLANG_WARN_OBJC_IMPLICIT_RETAIN_SELF = YES;
				CLANG_WARN_OBJC_LITERAL_CONVERSION = YES;
				CLANG_WARN_OBJC_ROOT_CLASS = YES_ERROR;
				CLANG_WARN_QUOTED_INCLUDE_IN_FRAMEWORK_HEADER = YES;
				CLANG_WARN_RANGE_LOOP_ANALYSIS = YES;
				CLANG_WARN_STRICT_PROTOTYPES = YES;
				CLANG_WARN_SUSPICIOUS_MOVE = YES;
				CLANG_WARN_UNGUARDED_AVAILABILITY = YES_AGGRESSIVE;
				CLANG_WARN_UNREACHABLE_CODE = YES;
				CLANG_WARN__DUPLICATE_METHOD_MATCH = YES;
				COPY_PHASE_STRIP = NO;
				DEBUG_INFORMATION_FORMAT = "dwarf-with-dsym";
				ENABLE_NS_ASSERTIONS = NO;
				ENABLE_STRICT_OBJC_MSGSEND = YES;
				ENABLE_USER_SCRIPT_SANDBOXING = YES;
				GCC_C_LANGUAGE_STANDARD = gnu17;
				GCC_NO_COMMON_BLOCKS = YES;
				GCC_WARN_64_TO_32_BIT_CONVERSION = YES;
				GCC_WARN_ABOUT_RETURN_TYPE = YES_ERROR;
				GCC_WARN_UNDECLARED_SELECTOR = YES;
				GCC_WARN_UNINITIALIZED_AUTOS = YES_AGGRESSIVE;
				GCC_WARN_UNUSED_FUNCTION = YES;
				GCC_WARN_UNUSED_VARIABLE = YES;
				LOCALIZATION_PREFERS_STRING_CATALOGS = YES;
				MACOSX_DEPLOYMENT_TARGET = 14.0;
				MTL_ENABLE_DEBUG_INFO = NO;
				MTL_FAST_MATH = YES;
				SDKROOT = macosx;
				SWIFT_COMPILATION_MODE = wholemodule;
			};
			name = Release;
		};
		92785D572B227DF70070923A /* Debug */ = {
			isa = XCBuildConfiguration;
			buildSettings = {
				ASSETCATALOG_COMPILER_APPICON_NAME = AppIcon;
				ASSETCATALOG_COMPILER_GLOBAL_ACCENT_COLOR_NAME = AccentColor;
				CODE_SIGN_ENTITLEMENTS = "Earth-and-Sun/Earth_and_Sun.entitlements";
				CODE_SIGN_STYLE = Automatic;
				COMBINE_HIDPI_IMAGES = YES;
				CURRENT_PROJECT_VERSION = 1;
				DEVELOPMENT_TEAM = BG774WWHGB;
				ENABLE_HARDENED_RUNTIME = YES;
				GENERATE_INFOPLIST_FILE = YES;
				INFOPLIST_KEY_NSHumanReadableCopyright = "";
				INFOPLIST_KEY_NSMainStoryboardFile = Main;
				INFOPLIST_KEY_NSPrincipalClass = NSApplication;
				LD_RUNPATH_SEARCH_PATHS = (
					"$(inherited)",
					"@executable_path/../Frameworks",
				);
				MARKETING_VERSION = 1.0;
				PRODUCT_BUNDLE_IDENTIFIER = "sebde.Earth-and-Sun";
				PRODUCT_NAME = "$(TARGET_NAME)";
				SWIFT_EMIT_LOC_STRINGS = YES;
				SWIFT_VERSION = 5.0;
			};
			name = Debug;
		};
		92785D582B227DF70070923A /* Release */ = {
			isa = XCBuildConfiguration;
			buildSettings = {
				ASSETCATALOG_COMPILER_APPICON_NAME = AppIcon;
				ASSETCATALOG_COMPILER_GLOBAL_ACCENT_COLOR_NAME = AccentColor;
				CODE_SIGN_ENTITLEMENTS = "Earth-and-Sun/Earth_and_Sun.entitlements";
				CODE_SIGN_STYLE = Automatic;
				COMBINE_HIDPI_IMAGES = YES;
				CURRENT_PROJECT_VERSION = 1;
				DEVELOPMENT_TEAM = BG774WWHGB;
				ENABLE_HARDENED_RUNTIME = YES;
				GENERATE_INFOPLIST_FILE = YES;
				INFOPLIST_KEY_NSHumanReadableCopyright = "";
				INFOPLIST_KEY_NSMainStoryboardFile = Main;
				INFOPLIST_KEY_NSPrincipalClass = NSApplication;
				LD_RUNPATH_SEARCH_PATHS = (
					"$(inherited)",
					"@executable_path/../Frameworks",
				);
				MARKETING_VERSION = 1.0;
				PRODUCT_BUNDLE_IDENTIFIER = "sebde.Earth-and-Sun";
				PRODUCT_NAME = "$(TARGET_NAME)";
				SWIFT_EMIT_LOC_STRINGS = YES;
				SWIFT_VERSION = 5.0;
			};
			name = Release;
		};
/* End XCBuildConfiguration section */

/* Begin XCConfigurationList section */
		92785D3C2B227DF40070923A /* Build configuration list for PBXProject "Earth-and-Sun" */ = {
			isa = XCConfigurationList;
			buildConfigurations = (
				92785D542B227DF70070923A /* Debug */,
				92785D552B227DF70070923A /* Release */,
			);
			defaultConfigurationIsVisible = 0;
			defaultConfigurationName = Release;
		};
		92785D562B227DF70070923A /* Build configuration list for PBXNativeTarget "Earth-and-Sun" */ = {
			isa = XCConfigurationList;
			buildConfigurations = (
				92785D572B227DF70070923A /* Debug */,
				92785D582B227DF70070923A /* Release */,
			);
			defaultConfigurationIsVisible = 0;
			defaultConfigurationName = Release;
		};
/* End XCConfigurationList section */
	};
	rootObject = 92785D392B227DF40070923A /* Project object */;
}
